
Microsoft Visual Studio Solution File, Format Version 11.00
# Visual Studio 2010
Project("{8BC9CEB8-8B4A-11D0-8D11-00A0C91BC942}") = "Solve pi", "Solve pi\Solve pi.vcxproj", "{16868475-0E7B-3F2D-3974-CC64D9985CCF}"
EndProject
Global
	GlobalSection(SolutionConfigurationPlatforms) = preSolution
		Debug|Win32 = Debug|Win32
		Release|Win32 = Release|Win32
	EndGlobalSection
	GlobalSection(ProjectConfigurationPlatforms) = postSolution
		{16868475-0E7B-3F2D-3974-CC64D9985CCF}.Debug|Win32.ActiveCfg = Debug|Win32
		{16868475-0E7B-3F2D-3974-CC64D9985CCF}.Debug|Win32.Build.0 = Debug|Win32
		{16868475-0E7B-3F2D-3974-CC64D9985CCF}.Release|Win32.ActiveCfg = Release|Win32
		{16868475-0E7B-3F2D-3974-CC64D9985CCF}.Release|Win32.Build.0 = Release|Win32
	EndGlobalSection
	GlobalSection(SolutionProperties) = preSolution
		HideSolutionNode = FALSE
	EndGlobalSection
EndGlobal
